
Microsoft Visual Studio Solution File, Format Version 12.00
Project("{FAE04EC0-301F-11D3-BF4B-00C04F79EFBC}") = "StringBenchmarks", "StringBenchmarks\StringBenchmarks.csproj", "{1B4BE174-B6B0-4C6A-84F9-06E93B8CDB04}"
EndProject
Global
	GlobalSection(SolutionConfigurationPlatforms) = preSolution
		Debug|Any CPU = Debug|Any CPU
		Release|Any CPU = Release|Any CPU
	EndGlobalSection
	GlobalSection(ProjectConfigurationPlatforms) = postSolution
		{1B4BE174-B6B0-4C6A-84F9-06E93B8CDB04}.Debug|Any CPU.ActiveCfg = Debug|Any CPU
		{1B4BE174-B6B0-4C6A-84F9-06E93B8CDB04}.Debug|Any CPU.Build.0 = Debug|Any CPU
		{1B4BE174-B6B0-4C6A-84F9-06E93B8CDB04}.Release|Any CPU.ActiveCfg = Release|Any CPU
		{1B4BE174-B6B0-4C6A-84F9-06E93B8CDB04}.Release|Any CPU.Build.0 = Release|Any CPU
	EndGlobalSection
EndGlobal
