
Microsoft Visual Studio Solution File, Format Version 12.00
# Visual Studio Version 17
VisualStudioVersion = 17.7.34024.191
MinimumVisualStudioVersion = 10.0.40219.1
Project("{9A19103F-16F7-4668-BE54-9A1E7A4F7556}") = "StringBenchmarks", "StringBenchmarks\StringBenchmarks.csproj", "{1B4BE174-B6B0-4C6A-84F9-06E93B8CDB04}"
EndProject
Project("{FAE04EC0-301F-11D3-BF4B-00C04F79EFBC}") = "AppendTests", "AppendTests\AppendTests.csproj", "{80644145-20DB-42A5-9568-5C5F0EF9A810}"
EndProject
Global
	GlobalSection(SolutionConfigurationPlatforms) = preSolution
		Debug|Any CPU = Debug|Any CPU
		Release|Any CPU = Release|Any CPU
	EndGlobalSection
	GlobalSection(ProjectConfigurationPlatforms) = postSolution
		{1B4BE174-B6B0-4C6A-84F9-06E93B8CDB04}.Debug|Any CPU.ActiveCfg = Debug|Any CPU
		{1B4BE174-B6B0-4C6A-84F9-06E93B8CDB04}.Debug|Any CPU.Build.0 = Debug|Any CPU
		{1B4BE174-B6B0-4C6A-84F9-06E93B8CDB04}.Release|Any CPU.ActiveCfg = Release|Any CPU
		{1B4BE174-B6B0-4C6A-84F9-06E93B8CDB04}.Release|Any CPU.Build.0 = Release|Any CPU
		{80644145-20DB-42A5-9568-5C5F0EF9A810}.Debug|Any CPU.ActiveCfg = Debug|Any CPU
		{80644145-20DB-42A5-9568-5C5F0EF9A810}.Debug|Any CPU.Build.0 = Debug|Any CPU
		{80644145-20DB-42A5-9568-5C5F0EF9A810}.Release|Any CPU.ActiveCfg = Release|Any CPU
		{80644145-20DB-42A5-9568-5C5F0EF9A810}.Release|Any CPU.Build.0 = Release|Any CPU
	EndGlobalSection
	GlobalSection(SolutionProperties) = preSolution
		HideSolutionNode = FALSE
	EndGlobalSection
EndGlobal
